<?xml version="1.0" encoding="utf-8"?>
<Project ToolsVersion="4.0" xmlns="http://schemas.microsoft.com/developer/msbuild/2003">
  <ItemGroup>
    <Text Include="shell.txt">
      <Filter>VBFileModels</Filter>
    </Text>
    <Text Include="cube.txt">
      <Filter>VBFileModels</Filter>
    </Text>
    <Text Include="terrainTex.txt">
      <Filter>VBFileModels</Filter>
    </Text>
  </ItemGroup>
  <ItemGroup>
    <Filter Include="VBFileModels">
      <UniqueIdentifier>{6697cb77-25ae-4be6-b1c9-f44a6aef5e66}</UniqueIdentifier>
    </Filter>
  </ItemGroup>
  <ItemGroup>
    <MeshContentTask Include="Vase\JEMINA vase -up.fbx" />
    <MeshContentTask Include="Table\table.FBX" />
    <MeshContentTask Include="Bird\BirdModelV1.fbx" />
    <MeshContentTask Include="..\RawAssets\Models\Player.fbx" />
    <MeshContentTask Include="..\RawAssets\Models\GreenCube.fbx" />
    <MeshContentTask Include="..\RawAssets\Models\Coin.fbx" />
    <MeshContentTask Include="..\RawAssets\Models\Sign.fbx" />
    <MeshContentTask Include="..\RawAssets\Models\WhiteCube.fbx" />
    <MeshContentTask Include="..\RawAssets\Models\GrassCube.fbx" />
    <MeshContentTask Include="..\RawAssets\Models\Enemy.fbx" />
    <MeshContentTask Include="..\RawAssets\Models\Sword.fbx" />
    <MeshContentTask Include="..\RawAssets\Models\Checkpoint.fbx" />
    <MeshContentTask Include="..\RawAssets\Models\CrackedWall.fbx" />
    <MeshContentTask Include="..\RawAssets\Models\StrongEnemy.fbx" />
    <MeshContentTask Include="..\RawAssets\Models\Launchpad.fbx" />
    <MeshContentTask Include="..\RawAssets\Models\LordKazcranak.fbx" />
    <MeshContentTask Include="..\RawAssets\Models\BossStage.fbx" />
    <MeshContentTask Include="..\RawAssets\Models\CaveCube.fbx" />
    <MeshContentTask Include="..\RawAssets\Models\Projectile.fbx" />
    <MeshContentTask Include="..\RawAssets\Models\BossStageBase.fbx" />
    <MeshContentTask Include="..\RawAssets\Models\BossCore.fbx" />
  </ItemGroup>
</Project>